
Microsoft Visual Studio Solution File, Format Version 12.00
# Visual Studio Version 16
VisualStudioVersion = 16.0.30104.148
MinimumVisualStudioVersion = 10.0.40219.1
Project("{8BC9CEB8-8B4A-11D0-8D11-00A0C91BC942}") = "Project_In real life C++", "Project_In real life C++\Project_In real life C++.vcxproj", "{6A41CBFE-FA4C-4536-8EC2-1D7365CA6DAD}"
EndProject
Global
	GlobalSection(SolutionConfigurationPlatforms) = preSolution
		Debug|x64 = Debug|x64
		Debug|x86 = Debug|x86
		Release|x64 = Release|x64
		Release|x86 = Release|x86
	EndGlobalSection
	GlobalSection(ProjectConfigurationPlatforms) = postSolution
		{6A41CBFE-FA4C-4536-8EC2-1D7365CA6DAD}.Debug|x64.ActiveCfg = Debug|x64
		{6A41CBFE-FA4C-4536-8EC2-1D7365CA6DAD}.Debug|x64.Build.0 = Debug|x64
		{6A41CBFE-FA4C-4536-8EC2-1D7365CA6DAD}.Debug|x86.ActiveCfg = Debug|Win32
		{6A41CBFE-FA4C-4536-8EC2-1D7365CA6DAD}.Debug|x86.Build.0 = Debug|Win32
		{6A41CBFE-FA4C-4536-8EC2-1D7365CA6DAD}.Release|x64.ActiveCfg = Release|x64
		{6A41CBFE-FA4C-4536-8EC2-1D7365CA6DAD}.Release|x64.Build.0 = Release|x64
		{6A41CBFE-FA4C-4536-8EC2-1D7365CA6DAD}.Release|x86.ActiveCfg = Release|Win32
		{6A41CBFE-FA4C-4536-8EC2-1D7365CA6DAD}.Release|x86.Build.0 = Release|Win32
	EndGlobalSection
	GlobalSection(SolutionProperties) = preSolution
		HideSolutionNode = FALSE
	EndGlobalSection
	GlobalSection(ExtensibilityGlobals) = postSolution
		SolutionGuid = {1CE8F455-FD0E-4B1F-8735-B9A7CF3237EF}
	EndGlobalSection
EndGlobal
